
Microsoft Visual Studio Solution File, Format Version 12.00
# Visual Studio Version 17
VisualStudioVersion = 17.5.002.0
MinimumVisualStudioVersion = 10.0.40219.1
Project("{9A19103F-16F7-4668-BE54-9A1E7A4F7556}") = "ConsoleApp1", "ConsoleApp1.csproj", "{273AE253-F15B-426C-90E4-4B0653199498}"
EndProject
Global
	GlobalSection(SolutionConfigurationPlatforms) = preSolution
		Debug|Any CPU = Debug|Any CPU
		Release|Any CPU = Release|Any CPU
	EndGlobalSection
	GlobalSection(ProjectConfigurationPlatforms) = postSolution
		{273AE253-F15B-426C-90E4-4B0653199498}.Debug|Any CPU.ActiveCfg = Debug|Any CPU
		{273AE253-F15B-426C-90E4-4B0653199498}.Debug|Any CPU.Build.0 = Debug|Any CPU
		{273AE253-F15B-426C-90E4-4B0653199498}.Release|Any CPU.ActiveCfg = Release|Any CPU
		{273AE253-F15B-426C-90E4-4B0653199498}.Release|Any CPU.Build.0 = Release|Any CPU
	EndGlobalSection
	GlobalSection(SolutionProperties) = preSolution
		HideSolutionNode = FALSE
	EndGlobalSection
	GlobalSection(ExtensibilityGlobals) = postSolution
		SolutionGuid = {742C3F06-6556-4D9E-97AB-6C21E3D221C3}
	EndGlobalSection
EndGlobal
